
Microsoft Visual Studio Solution File, Format Version 12.00
# Visual Studio 14
VisualStudioVersion = 14.0.24720.0
MinimumVisualStudioVersion = 10.0.40219.1
Project("{FAE04EC0-301F-11D3-BF4B-00C04F79EFBC}") = "ShortestPathFinder", "ShortestPathFinder\ShortestPathFinder.csproj", "{2F8EDE6B-9A87-49DA-ADDE-B1A62513D922}"
EndProject
Project("{FAE04EC0-301F-11D3-BF4B-00C04F79EFBC}") = "ShortestPathFinderTests", "ShortestPathFinderTests\ShortestPathFinderTests.csproj", "{7F4053C8-878E-48CE-BE45-A51BFB77CCFF}"
EndProject
Global
	GlobalSection(SolutionConfigurationPlatforms) = preSolution
		Debug|Any CPU = Debug|Any CPU
		Release|Any CPU = Release|Any CPU
	EndGlobalSection
	GlobalSection(ProjectConfigurationPlatforms) = postSolution
		{2F8EDE6B-9A87-49DA-ADDE-B1A62513D922}.Debug|Any CPU.ActiveCfg = Debug|Any CPU
		{2F8EDE6B-9A87-49DA-ADDE-B1A62513D922}.Debug|Any CPU.Build.0 = Debug|Any CPU
		{2F8EDE6B-9A87-49DA-ADDE-B1A62513D922}.Release|Any CPU.ActiveCfg = Release|Any CPU
		{2F8EDE6B-9A87-49DA-ADDE-B1A62513D922}.Release|Any CPU.Build.0 = Release|Any CPU
		{7F4053C8-878E-48CE-BE45-A51BFB77CCFF}.Debug|Any CPU.ActiveCfg = Debug|Any CPU
		{7F4053C8-878E-48CE-BE45-A51BFB77CCFF}.Debug|Any CPU.Build.0 = Debug|Any CPU
		{7F4053C8-878E-48CE-BE45-A51BFB77CCFF}.Release|Any CPU.ActiveCfg = Release|Any CPU
		{7F4053C8-878E-48CE-BE45-A51BFB77CCFF}.Release|Any CPU.Build.0 = Release|Any CPU
	EndGlobalSection
	GlobalSection(SolutionProperties) = preSolution
		HideSolutionNode = FALSE
	EndGlobalSection
EndGlobal
